
Microsoft Visual Studio Solution File, Format Version 12.00
# Visual Studio Version 17
VisualStudioVersion = 17.8.34330.188
MinimumVisualStudioVersion = 10.0.40219.1
Project("{FAE04EC0-301F-11D3-BF4B-00C04F79EFBC}") = "SmartTicketAppBlazor", "SmartTicketAppBlazor\SmartTicketAppBlazor.csproj", "{5EE8E74D-E201-4BD1-AF7A-406BEEBF1A46}"
EndProject
Global
	GlobalSection(SolutionConfigurationPlatforms) = preSolution
		Debug|Any CPU = Debug|Any CPU
		Release|Any CPU = Release|Any CPU
	EndGlobalSection
	GlobalSection(ProjectConfigurationPlatforms) = postSolution
		{5EE8E74D-E201-4BD1-AF7A-406BEEBF1A46}.Debug|Any CPU.ActiveCfg = Debug|Any CPU
		{5EE8E74D-E201-4BD1-AF7A-406BEEBF1A46}.Debug|Any CPU.Build.0 = Debug|Any CPU
		{5EE8E74D-E201-4BD1-AF7A-406BEEBF1A46}.Debug|Any CPU.Deploy.0 = Debug|Any CPU
		{5EE8E74D-E201-4BD1-AF7A-406BEEBF1A46}.Release|Any CPU.ActiveCfg = Release|Any CPU
		{5EE8E74D-E201-4BD1-AF7A-406BEEBF1A46}.Release|Any CPU.Build.0 = Release|Any CPU
		{5EE8E74D-E201-4BD1-AF7A-406BEEBF1A46}.Release|Any CPU.Deploy.0 = Release|Any CPU
	EndGlobalSection
	GlobalSection(SolutionProperties) = preSolution
		HideSolutionNode = FALSE
	EndGlobalSection
	GlobalSection(ExtensibilityGlobals) = postSolution
		SolutionGuid = {E65A2A0C-83C8-4BB2-9637-7AA8D1F45D85}
	EndGlobalSection
EndGlobal
